{
  "name": "navmore",
  "version": "3.0.1",
  "lockfileVersion": 1,
  "requires": true,
  "dependencies": {
    "commander": {
      "version": "2.20.0",
      "resolved": "https://registry.npmjs.org/commander/-/commander-2.20.0.tgz",
      "integrity": "sha512-7j2y+40w61zy6YC2iRNpUe/NwhNyoXrYpHMrSunaMG64nRnaf96zO/KMQR4OyN/UnE5KLyEBnKHd4aG3rskjpQ==",
      "dev": true
    },
    "npm-bower-sync-ver": {
      "version": "2.0.0",
      "resolved": "https://registry.npmjs.org/npm-bower-sync-ver/-/npm-bower-sync-ver-2.0.0.tgz",
      "integrity": "sha512-Pphg+gskgItvHK4ZxM6ARkCGq1SmhrkC6mcfWlizE62hAIL4S3bQ4DhRiCobSC6wphgm+va8L5o2Kw4JpF/FZw==",
      "dev": true,
      "requires": {
        "commander": "^2.9.0"
      }
    }
  }
}
